// !$*UTF8*$!
{
	archiveVersion = 1;
	classes = {
	};
	objectVersion = 46;
	objects = {

/* Begin PBXBuildFile section */
		1292B7911CA686A7000AE32D /* AppDelegate.swift in Sources */ = {isa = PBXBuildFile; fileRef = 1292B7901CA686A7000AE32D /* AppDelegate.swift */; };
		1292B7961CA686A7000AE32D /* Main.storyboard in Resources */ = {isa = PBXBuildFile; fileRef = 1292B7941CA686A7000AE32D /* Main.storyboard */; };
		1292B7981CA686A7000AE32D /* Assets.xcassets in Resources */ = {isa = PBXBuildFile; fileRef = 1292B7971CA686A7000AE32D /* Assets.xcassets */; };
		1292B79B1CA686A7000AE32D /* LaunchScreen.storyboard in Resources */ = {isa = PBXBuildFile; fileRef = 1292B7991CA686A7000AE32D /* LaunchScreen.storyboard */; };
		1292B7A61CA687AD000AE32D /* TwitterClient.swift in Sources */ = {isa = PBXBuildFile; fileRef = 1292B7A51CA687AD000AE32D /* TwitterClient.swift */; };
		1292B7A81CA687E3000AE32D /* LoginViewController.swift in Sources */ = {isa = PBXBuildFile; fileRef = 1292B7A71CA687E3000AE32D /* LoginViewController.swift */; };
		1292B7AB1CA68944000AE32D /* tweet.swift in Sources */ = {isa = PBXBuildFile; fileRef = 1292B7A91CA68944000AE32D /* tweet.swift */; };
		1292B7AC1CA68944000AE32D /* user.swift in Sources */ = {isa = PBXBuildFile; fileRef = 1292B7AA1CA68944000AE32D /* user.swift */; };
		1292B7AE1CA69173000AE32D /* twitterViewController.swift in Sources */ = {isa = PBXBuildFile; fileRef = 1292B7AD1CA69173000AE32D /* twitterViewController.swift */; };
		1292B7B01CA6B56E000AE32D /* tweetTableViewCell.swift in Sources */ = {isa = PBXBuildFile; fileRef = 1292B7AF1CA6B56E000AE32D /* tweetTableViewCell.swift */; };
		1292B7B41CA79703000AE32D /* DetailViewController.swift in Sources */ = {isa = PBXBuildFile; fileRef = 1292B7B31CA79703000AE32D /* DetailViewController.swift */; };
		1292B7B61CA843A5000AE32D /* UpdateViewController.swift in Sources */ = {isa = PBXBuildFile; fileRef = 1292B7B51CA843A5000AE32D /* UpdateViewController.swift */; };
		12AAB9711CB00E0C00C9D505 /* ContainerViewController.swift in Sources */ = {isa = PBXBuildFile; fileRef = 12AAB9701CB00E0C00C9D505 /* ContainerViewController.swift */; };
		12AAB9731CB014B600C9D505 /* MenuViewController.swift in Sources */ = {isa = PBXBuildFile; fileRef = 12AAB9721CB014B600C9D505 /* MenuViewController.swift */; };
		12AAB9751CB0153500C9D505 /* ProfileViewController.swift in Sources */ = {isa = PBXBuildFile; fileRef = 12AAB9741CB0153500C9D505 /* ProfileViewController.swift */; };
		12AAB9771CB0AD4F00C9D505 /* MenuCell.swift in Sources */ = {isa = PBXBuildFile; fileRef = 12AAB9761CB0AD4F00C9D505 /* MenuCell.swift */; };
		783DF26DC451B4B7C77212FC /* Pods_TwitterClient_Assignment_3.framework in Frameworks */ = {isa = PBXBuildFile; fileRef = E51268E423E4A9B98D4D7303 /* Pods_TwitterClient_Assignment_3.framework */; };
		E0330C6F1CB24F26001CE042 /* MentionViewConller.swift in Sources */ = {isa = PBXBuildFile; fileRef = E0330C6E1CB24F26001CE042 /* MentionViewConller.swift */; };
/* End PBXBuildFile section */

/* Begin PBXFileReference section */
		1292B78D1CA686A7000AE32D /* TwitterClient-Assignment#3.app */ = {isa = PBXFileReference; explicitFileType = wrapper.application; includeInIndex = 0; path = "TwitterClient-Assignment#3.app"; sourceTree = BUILT_PRODUCTS_DIR; };
		1292B7901CA686A7000AE32D /* AppDelegate.swift */ = {isa = PBXFileReference; lastKnownFileType = sourcecode.swift; path = AppDelegate.swift; sourceTree = "<group>"; };
		1292B7951CA686A7000AE32D /* Base */ = {isa = PBXFileReference; lastKnownFileType = file.storyboard; name = Base; path = Base.lproj/Main.storyboard; sourceTree = "<group>"; };
		1292B7971CA686A7000AE32D /* Assets.xcassets */ = {isa = PBXFileReference; lastKnownFileType = folder.assetcatalog; path = Assets.xcassets; sourceTree = "<group>"; };
		1292B79A1CA686A7000AE32D /* Base */ = {isa = PBXFileReference; lastKnownFileType = file.storyboard; name = Base; path = Base.lproj/LaunchScreen.storyboard; sourceTree = "<group>"; };
		1292B79C1CA686A7000AE32D /* Info.plist */ = {isa = PBXFileReference; lastKnownFileType = text.plist.xml; path = Info.plist; sourceTree = "<group>"; };
		1292B7A51CA687AD000AE32D /* TwitterClient.swift */ = {isa = PBXFileReference; fileEncoding = 4; lastKnownFileType = sourcecode.swift; path = TwitterClient.swift; sourceTree = "<group>"; };
		1292B7A71CA687E3000AE32D /* LoginViewController.swift */ = {isa = PBXFileReference; fileEncoding = 4; lastKnownFileType = sourcecode.swift; path = LoginViewController.swift; sourceTree = "<group>"; };
		1292B7A91CA68944000AE32D /* tweet.swift */ = {isa = PBXFileReference; fileEncoding = 4; lastKnownFileType = sourcecode.swift; path = tweet.swift; sourceTree = "<group>"; };
		1292B7AA1CA68944000AE32D /* user.swift */ = {isa = PBXFileReference; fileEncoding = 4; lastKnownFileType = sourcecode.swift; path = user.swift; sourceTree = "<group>"; };
		1292B7AD1CA69173000AE32D /* twitterViewController.swift */ = {isa = PBXFileReference; fileEncoding = 4; lastKnownFileType = sourcecode.swift; path = twitterViewController.swift; sourceTree = "<group>"; };
		1292B7AF1CA6B56E000AE32D /* tweetTableViewCell.swift */ = {isa = PBXFileReference; fileEncoding = 4; lastKnownFileType = sourcecode.swift; path = tweetTableViewCell.swift; sourceTree = "<group>"; };
		1292B7B31CA79703000AE32D /* DetailViewController.swift */ = {isa = PBXFileReference; fileEncoding = 4; lastKnownFileType = sourcecode.swift; path = DetailViewController.swift; sourceTree = "<group>"; };
		1292B7B51CA843A5000AE32D /* UpdateViewController.swift */ = {isa = PBXFileReference; fileEncoding = 4; lastKnownFileType = sourcecode.swift; path = UpdateViewController.swift; sourceTree = "<group>"; };
		12AAB9701CB00E0C00C9D505 /* ContainerViewController.swift */ = {isa = PBXFileReference; fileEncoding = 4; lastKnownFileType = sourcecode.swift; path = ContainerViewController.swift; sourceTree = "<group>"; };
		12AAB9721CB014B600C9D505 /* MenuViewController.swift */ = {isa = PBXFileReference; fileEncoding = 4; lastKnownFileType = sourcecode.swift; path = MenuViewController.swift; sourceTree = "<group>"; };
		12AAB9741CB0153500C9D505 /* ProfileViewController.swift */ = {isa = PBXFileReference; fileEncoding = 4; lastKnownFileType = sourcecode.swift; path = ProfileViewController.swift; sourceTree = "<group>"; };
		12AAB9761CB0AD4F00C9D505 /* MenuCell.swift */ = {isa = PBXFileReference; fileEncoding = 4; lastKnownFileType = sourcecode.swift; path = MenuCell.swift; sourceTree = "<group>"; };
		51CD5D36FB144F88992C567D /* Pods-TwitterClient-Assignment#3.debug.xcconfig */ = {isa = PBXFileReference; includeInIndex = 1; lastKnownFileType = text.xcconfig; name = "Pods-TwitterClient-Assignment#3.debug.xcconfig"; path = "Pods/Target Support Files/Pods-TwitterClient-Assignment#3/Pods-TwitterClient-Assignment#3.debug.xcconfig"; sourceTree = "<group>"; };
		653233D80E0A9791452A686A /* Pods-TwitterClient-Assignment#3.release.xcconfig */ = {isa = PBXFileReference; includeInIndex = 1; lastKnownFileType = text.xcconfig; name = "Pods-TwitterClient-Assignment#3.release.xcconfig"; path = "Pods/Target Support Files/Pods-TwitterClient-Assignment#3/Pods-TwitterClient-Assignment#3.release.xcconfig"; sourceTree = "<group>"; };
		E0330C6E1CB24F26001CE042 /* MentionViewConller.swift */ = {isa = PBXFileReference; fileEncoding = 4; lastKnownFileType = sourcecode.swift; path = MentionViewConller.swift; sourceTree = "<group>"; };
		E51268E423E4A9B98D4D7303 /* Pods_TwitterClient_Assignment_3.framework */ = {isa = PBXFileReference; explicitFileType = wrapper.framework; includeInIndex = 0; path = Pods_TwitterClient_Assignment_3.framework; sourceTree = BUILT_PRODUCTS_DIR; };
/* End PBXFileReference section */

/* Begin PBXFrameworksBuildPhase section */
		1292B78A1CA686A7000AE32D /* Frameworks */ = {
			isa = PBXFrameworksBuildPhase;
			buildActionMask = 2147483647;
			files = (
				783DF26DC451B4B7C77212FC /* Pods_TwitterClient_Assignment_3.framework in Frameworks */,
			);
			runOnlyForDeploymentPostprocessing = 0;
		};
/* End PBXFrameworksBuildPhase section */

/* Begin PBXGroup section */
		1292B7841CA686A7000AE32D = {
			isa = PBXGroup;
			children = (
				1292B78F1CA686A7000AE32D /* TwitterClient-Assignment#3 */,
				1292B78E1CA686A7000AE32D /* Products */,
				69B9E035A9CDFCEE40BE356F /* Pods */,
				872C9151A00B993E4249827A /* Frameworks */,
			);
			sourceTree = "<group>";
		};
		1292B78E1CA686A7000AE32D /* Products */ = {
			isa = PBXGroup;
			children = (
				1292B78D1CA686A7000AE32D /* TwitterClient-Assignment#3.app */,
			);
			name = Products;
			sourceTree = "<group>";
		};
		1292B78F1CA686A7000AE32D /* TwitterClient-Assignment#3 */ = {
			isa = PBXGroup;
			children = (
				1292B7A41CA68792000AE32D /* API */,
				1292B7A31CA6878C000AE32D /* Model */,
				1292B7A21CA68784000AE32D /* Controller */,
				1292B7901CA686A7000AE32D /* AppDelegate.swift */,
				1292B7941CA686A7000AE32D /* Main.storyboard */,
				1292B7971CA686A7000AE32D /* Assets.xcassets */,
				1292B7991CA686A7000AE32D /* LaunchScreen.storyboard */,
				1292B79C1CA686A7000AE32D /* Info.plist */,
			);
			path = "TwitterClient-Assignment#3";
			sourceTree = "<group>";
		};
		1292B7A21CA68784000AE32D /* Controller */ = {
			isa = PBXGroup;
			children = (
				1292B7AF1CA6B56E000AE32D /* tweetTableViewCell.swift */,
				1292B7A71CA687E3000AE32D /* LoginViewController.swift */,
				1292B7AD1CA69173000AE32D /* twitterViewController.swift */,
				1292B7B31CA79703000AE32D /* DetailViewController.swift */,
				1292B7B51CA843A5000AE32D /* UpdateViewController.swift */,
				12AAB9701CB00E0C00C9D505 /* ContainerViewController.swift */,
				12AAB9721CB014B600C9D505 /* MenuViewController.swift */,
				12AAB9741CB0153500C9D505 /* ProfileViewController.swift */,
				12AAB9761CB0AD4F00C9D505 /* MenuCell.swift */,
				E0330C6E1CB24F26001CE042 /* MentionViewConller.swift */,
			);
			name = Controller;
			sourceTree = "<group>";
		};
		1292B7A31CA6878C000AE32D /* Model */ = {
			isa = PBXGroup;
			children = (
				1292B7A91CA68944000AE32D /* tweet.swift */,
				1292B7AA1CA68944000AE32D /* user.swift */,
			);
			name = Model;
			sourceTree = "<group>";
		};
		1292B7A41CA68792000AE32D /* API */ = {
			isa = PBXGroup;
			children = (
				1292B7A51CA687AD000AE32D /* TwitterClient.swift */,
			);
			name = API;
			sourceTree = "<group>";
		};
		69B9E035A9CDFCEE40BE356F /* Pods */ = {
			isa = PBXGroup;
			children = (
				51CD5D36FB144F88992C567D /* Pods-TwitterClient-Assignment#3.debug.xcconfig */,
				653233D80E0A9791452A686A /* Pods-TwitterClient-Assignment#3.release.xcconfig */,
			);
			name = Pods;
			sourceTree = "<group>";
		};
		872C9151A00B993E4249827A /* Frameworks */ = {
			isa = PBXGroup;
			children = (
				E51268E423E4A9B98D4D7303 /* Pods_TwitterClient_Assignment_3.framework */,
			);
			name = Frameworks;
			sourceTree = "<group>";
		};
/* End PBXGroup section */

/* Begin PBXNativeTarget section */
		1292B78C1CA686A7000AE32D /* TwitterClient-Assignment#3 */ = {
			isa = PBXNativeTarget;
			buildConfigurationList = 1292B79F1CA686A7000AE32D /* Build configuration list for PBXNativeTarget "TwitterClient-Assignment#3" */;
			buildPhases = (
				6945DA599ABE1FCED4FDBA9B /* Check Pods Manifest.lock */,
				1292B7891CA686A7000AE32D /* Sources */,
				1292B78A1CA686A7000AE32D /* Frameworks */,
				1292B78B1CA686A7000AE32D /* Resources */,
				71059E9AB6F4951A9902332E /* Embed Pods Frameworks */,
				DDE9305DFB14E802A073B372 /* Copy Pods Resources */,
			);
			buildRules = (
			);
			dependencies = (
			);
			name = "TwitterClient-Assignment#3";
			productName = "TwitterClient-Assignment#3";
			productReference = 1292B78D1CA686A7000AE32D /* TwitterClient-Assignment#3.app */;
			productType = "com.apple.product-type.application";
		};
/* End PBXNativeTarget section */

/* Begin PBXProject section */
		1292B7851CA686A7000AE32D /* Project object */ = {
			isa = PBXProject;
			attributes = {
				LastSwiftUpdateCheck = 0720;
				LastUpgradeCheck = 0720;
				ORGANIZATIONNAME = "jacky nguyen";
				TargetAttributes = {
					1292B78C1CA686A7000AE32D = {
						CreatedOnToolsVersion = 7.2;
					};
				};
			};
			buildConfigurationList = 1292B7881CA686A7000AE32D /* Build configuration list for PBXProject "TwitterClient-Assignment#3" */;
			compatibilityVersion = "Xcode 3.2";
			developmentRegion = English;
			hasScannedForEncodings = 0;
			knownRegions = (
				en,
				Base,
			);
			mainGroup = 1292B7841CA686A7000AE32D;
			productRefGroup = 1292B78E1CA686A7000AE32D /* Products */;
			projectDirPath = "";
			projectRoot = "";
			targets = (
				1292B78C1CA686A7000AE32D /* TwitterClient-Assignment#3 */,
			);
		};
/* End PBXProject section */

/* Begin PBXResourcesBuildPhase section */
		1292B78B1CA686A7000AE32D /* Resources */ = {
			isa = PBXResourcesBuildPhase;
			buildActionMask = 2147483647;
			files = (
				1292B79B1CA686A7000AE32D /* LaunchScreen.storyboard in Resources */,
				1292B7981CA686A7000AE32D /* Assets.xcassets in Resources */,
				1292B7961CA686A7000AE32D /* Main.storyboard in Resources */,
			);
			runOnlyForDeploymentPostprocessing = 0;
		};
/* End PBXResourcesBuildPhase section */

/* Begin PBXShellScriptBuildPhase section */
		6945DA599ABE1FCED4FDBA9B /* Check Pods Manifest.lock */ = {
			isa = PBXShellScriptBuildPhase;
			buildActionMask = 2147483647;
			files = (
			);
			inputPaths = (
			);
			name = "Check Pods Manifest.lock";
			outputPaths = (
			);
			runOnlyForDeploymentPostprocessing = 0;
			shellPath = /bin/sh;
			shellScript = "diff \"${PODS_ROOT}/../Podfile.lock\" \"${PODS_ROOT}/Manifest.lock\" > /dev/null\nif [[ $? != 0 ]] ; then\n    cat << EOM\nerror: The sandbox is not in sync with the Podfile.lock. Run 'pod install' or update your CocoaPods installation.\nEOM\n    exit 1\nfi\n";
			showEnvVarsInLog = 0;
		};
		71059E9AB6F4951A9902332E /* Embed Pods Frameworks */ = {
			isa = PBXShellScriptBuildPhase;
			buildActionMask = 2147483647;
			files = (
			);
			inputPaths = (
			);
			name = "Embed Pods Frameworks";
			outputPaths = (
			);
			runOnlyForDeploymentPostprocessing = 0;
			shellPath = /bin/sh;
			shellScript = "\"${SRCROOT}/Pods/Target Support Files/Pods-TwitterClient-Assignment#3/Pods-TwitterClient-Assignment#3-frameworks.sh\"\n";
			showEnvVarsInLog = 0;
		};
		DDE9305DFB14E802A073B372 /* Copy Pods Resources */ = {
			isa = PBXShellScriptBuildPhase;
			buildActionMask = 2147483647;
			files = (
			);
			inputPaths = (
			);
			name = "Copy Pods Resources";
			outputPaths = (
			);
			runOnlyForDeploymentPostprocessing = 0;
			shellPath = /bin/sh;
			shellScript = "\"${SRCROOT}/Pods/Target Support Files/Pods-TwitterClient-Assignment#3/Pods-TwitterClient-Assignment#3-resources.sh\"\n";
			showEnvVarsInLog = 0;
		};
/* End PBXShellScriptBuildPhase section */

/* Begin PBXSourcesBuildPhase section */
		1292B7891CA686A7000AE32D /* Sources */ = {
			isa = PBXSourcesBuildPhase;
			buildActionMask = 2147483647;
			files = (
				1292B7AE1CA69173000AE32D /* twitterViewController.swift in Sources */,
				1292B7AC1CA68944000AE32D /* user.swift in Sources */,
				12AAB9711CB00E0C00C9D505 /* ContainerViewController.swift in Sources */,
				1292B7B61CA843A5000AE32D /* UpdateViewController.swift in Sources */,
				1292B7A81CA687E3000AE32D /* LoginViewController.swift in Sources */,
				12AAB9731CB014B600C9D505 /* MenuViewController.swift in Sources */,
				12AAB9751CB0153500C9D505 /* ProfileViewController.swift in Sources */,
				1292B7A61CA687AD000AE32D /* TwitterClient.swift in Sources */,
				1292B7911CA686A7000AE32D /* AppDelegate.swift in Sources */,
				1292B7AB1CA68944000AE32D /* tweet.swift in Sources */,
				1292B7B01CA6B56E000AE32D /* tweetTableViewCell.swift in Sources */,
				E0330C6F1CB24F26001CE042 /* MentionViewConller.swift in Sources */,
				12AAB9771CB0AD4F00C9D505 /* MenuCell.swift in Sources */,
				1292B7B41CA79703000AE32D /* DetailViewController.swift in Sources */,
			);
			runOnlyForDeploymentPostprocessing = 0;
		};
/* End PBXSourcesBuildPhase section */

/* Begin PBXVariantGroup section */
		1292B7941CA686A7000AE32D /* Main.storyboard */ = {
			isa = PBXVariantGroup;
			children = (
				1292B7951CA686A7000AE32D /* Base */,
			);
			name = Main.storyboard;
			sourceTree = "<group>";
		};
		1292B7991CA686A7000AE32D /* LaunchScreen.storyboard */ = {
			isa = PBXVariantGroup;
			children = (
				1292B79A1CA686A7000AE32D /* Base */,
			);
			name = LaunchScreen.storyboard;
			sourceTree = "<group>";
		};
/* End PBXVariantGroup section */

/* Begin XCBuildConfiguration section */
		1292B79D1CA686A7000AE32D /* Debug */ = {
			isa = XCBuildConfiguration;
			buildSettings = {
				ALWAYS_SEARCH_USER_PATHS = NO;
				CLANG_CXX_LANGUAGE_STANDARD = "gnu++0x";
				CLANG_CXX_LIBRARY = "libc++";
				CLANG_ENABLE_MODULES = YES;
				CLANG_ENABLE_OBJC_ARC = YES;
				CLANG_WARN_BOOL_CONVERSION = YES;
				CLANG_WARN_CONSTANT_CONVERSION = YES;
				CLANG_WARN_DIRECT_OBJC_ISA_USAGE = YES_ERROR;
				CLANG_WARN_EMPTY_BODY = YES;
				CLANG_WARN_ENUM_CONVERSION = YES;
				CLANG_WARN_INT_CONVERSION = YES;
				CLANG_WARN_OBJC_ROOT_CLASS = YES_ERROR;
				CLANG_WARN_UNREACHABLE_CODE = YES;
				CLANG_WARN__DUPLICATE_METHOD_MATCH = YES;
				"CODE_SIGN_IDENTITY[sdk=iphoneos*]" = "iPhone Developer";
				COPY_PHASE_STRIP = NO;
				DEBUG_INFORMATION_FORMAT = dwarf;
				ENABLE_STRICT_OBJC_MSGSEND = YES;
				ENABLE_TESTABILITY = YES;
				GCC_C_LANGUAGE_STANDARD = gnu99;
				GCC_DYNAMIC_NO_PIC = NO;
				GCC_NO_COMMON_BLOCKS = YES;
				GCC_OPTIMIZATION_LEVEL = 0;
				GCC_PREPROCESSOR_DEFINITIONS = (
					"DEBUG=1",
					"$(inherited)",
				);
				GCC_WARN_64_TO_32_BIT_CONVERSION = YES;
				GCC_WARN_ABOUT_RETURN_TYPE = YES_ERROR;
				GCC_WARN_UNDECLARED_SELECTOR = YES;
				GCC_WARN_UNINITIALIZED_AUTOS = YES_AGGRESSIVE;
				GCC_WARN_UNUSED_FUNCTION = YES;
				GCC_WARN_UNUSED_VARIABLE = YES;
				IPHONEOS_DEPLOYMENT_TARGET = 9.2;
				MTL_ENABLE_DEBUG_INFO = YES;
				ONLY_ACTIVE_ARCH = YES;
				SDKROOT = iphoneos;
				SWIFT_OPTIMIZATION_LEVEL = "-Onone";
			};
			name = Debug;
		};
		1292B79E1CA686A7000AE32D /* Release */ = {
			isa = XCBuildConfiguration;
			buildSettings = {
				ALWAYS_SEARCH_USER_PATHS = NO;
				CLANG_CXX_LANGUAGE_STANDARD = "gnu++0x";
				CLANG_CXX_LIBRARY = "libc++";
				CLANG_ENABLE_MODULES = YES;
				CLANG_ENABLE_OBJC_ARC = YES;
				CLANG_WARN_BOOL_CONVERSION = YES;
				CLANG_WARN_CONSTANT_CONVERSION = YES;
				CLANG_WARN_DIRECT_OBJC_ISA_USAGE = YES_ERROR;
				CLANG_WARN_EMPTY_BODY = YES;
				CLANG_WARN_ENUM_CONVERSION = YES;
				CLANG_WARN_INT_CONVERSION = YES;
				CLANG_WARN_OBJC_ROOT_CLASS = YES_ERROR;
				CLANG_WARN_UNREACHABLE_CODE = YES;
				CLANG_WARN__DUPLICATE_METHOD_MATCH = YES;
				"CODE_SIGN_IDENTITY[sdk=iphoneos*]" = "iPhone Developer";
				COPY_PHASE_STRIP = NO;
				DEBUG_INFORMATION_FORMAT = "dwarf-with-dsym";
				ENABLE_NS_ASSERTIONS = NO;
				ENABLE_STRICT_OBJC_MSGSEND = YES;
				GCC_C_LANGUAGE_STANDARD = gnu99;
				GCC_NO_COMMON_BLOCKS = YES;
				GCC_WARN_64_TO_32_BIT_CONVERSION = YES;
				GCC_WARN_ABOUT_RETURN_TYPE = YES_ERROR;
				GCC_WARN_UNDECLARED_SELECTOR = YES;
				GCC_WARN_UNINITIALIZED_AUTOS = YES_AGGRESSIVE;
				GCC_WARN_UNUSED_FUNCTION = YES;
				GCC_WARN_UNUSED_VARIABLE = YES;
				IPHONEOS_DEPLOYMENT_TARGET = 9.2;
				MTL_ENABLE_DEBUG_INFO = NO;
				SDKROOT = iphoneos;
				VALIDATE_PRODUCT = YES;
			};
			name = Release;
		};
		1292B7A01CA686A7000AE32D /* Debug */ = {
			isa = XCBuildConfiguration;
			baseConfigurationReference = 51CD5D36FB144F88992C567D /* Pods-TwitterClient-Assignment#3.debug.xcconfig */;
			buildSettings = {
				ASSETCATALOG_COMPILER_APPICON_NAME = AppIcon;
				INFOPLIST_FILE = "TwitterClient-Assignment#3/Info.plist";
				IPHONEOS_DEPLOYMENT_TARGET = 9.0;
				LD_RUNPATH_SEARCH_PATHS = "$(inherited) @executable_path/Frameworks";
				PRODUCT_BUNDLE_IDENTIFIER = "jackyCode.com.TwitterClient-Assignment-3";
				PRODUCT_NAME = "$(TARGET_NAME)";
			};
			name = Debug;
		};
		1292B7A11CA686A7000AE32D /* Release */ = {
			isa = XCBuildConfiguration;
			baseConfigurationReference = 653233D80E0A9791452A686A /* Pods-TwitterClient-Assignment#3.release.xcconfig */;
			buildSettings = {
				ASSETCATALOG_COMPILER_APPICON_NAME = AppIcon;
				INFOPLIST_FILE = "TwitterClient-Assignment#3/Info.plist";
				IPHONEOS_DEPLOYMENT_TARGET = 9.0;
				LD_RUNPATH_SEARCH_PATHS = "$(inherited) @executable_path/Frameworks";
				PRODUCT_BUNDLE_IDENTIFIER = "jackyCode.com.TwitterClient-Assignment-3";
				PRODUCT_NAME = "$(TARGET_NAME)";
			};
			name = Release;
		};
/* End XCBuildConfiguration section */

/* Begin XCConfigurationList section */
		1292B7881CA686A7000AE32D /* Build configuration list for PBXProject "TwitterClient-Assignment#3" */ = {
			isa = XCConfigurationList;
			buildConfigurations = (
				1292B79D1CA686A7000AE32D /* Debug */,
				1292B79E1CA686A7000AE32D /* Release */,
			);
			defaultConfigurationIsVisible = 0;
			defaultConfigurationName = Release;
		};
		1292B79F1CA686A7000AE32D /* Build configuration list for PBXNativeTarget "TwitterClient-Assignment#3" */ = {
			isa = XCConfigurationList;
			buildConfigurations = (
				1292B7A01CA686A7000AE32D /* Debug */,
				1292B7A11CA686A7000AE32D /* Release */,
			);
			defaultConfigurationIsVisible = 0;
			defaultConfigurationName = Release;
		};
/* End XCConfigurationList section */
	};
	rootObject = 1292B7851CA686A7000AE32D /* Project object */;
}
